
Microsoft Visual Studio Solution File, Format Version 12.00
# Visual Studio Version 17
VisualStudioVersion = 17.1.32328.378
MinimumVisualStudioVersion = 10.0.40219.1
Project("{FAE04EC0-301F-11D3-BF4B-00C04F79EFBC}") = "SuperDairy", "SuperDairy\SuperDairy.csproj", "{6F449E7E-3A5C-43E1-A0EF-5E89597CFCB1}"
EndProject
Project("{FAE04EC0-301F-11D3-BF4B-00C04F79EFBC}") = "Core", "Core\Core.csproj", "{3A8B8E32-3303-470B-A407-B41C2C2B2F8E}"
EndProject
Global
	GlobalSection(SolutionConfigurationPlatforms) = preSolution
		Debug|Any CPU = Debug|Any CPU
		Release|Any CPU = Release|Any CPU
	EndGlobalSection
	GlobalSection(ProjectConfigurationPlatforms) = postSolution
		{6F449E7E-3A5C-43E1-A0EF-5E89597CFCB1}.Debug|Any CPU.ActiveCfg = Debug|Any CPU
		{6F449E7E-3A5C-43E1-A0EF-5E89597CFCB1}.Debug|Any CPU.Build.0 = Debug|Any CPU
		{6F449E7E-3A5C-43E1-A0EF-5E89597CFCB1}.Release|Any CPU.ActiveCfg = Release|Any CPU
		{6F449E7E-3A5C-43E1-A0EF-5E89597CFCB1}.Release|Any CPU.Build.0 = Release|Any CPU
		{3A8B8E32-3303-470B-A407-B41C2C2B2F8E}.Debug|Any CPU.ActiveCfg = Debug|Any CPU
		{3A8B8E32-3303-470B-A407-B41C2C2B2F8E}.Debug|Any CPU.Build.0 = Debug|Any CPU
		{3A8B8E32-3303-470B-A407-B41C2C2B2F8E}.Release|Any CPU.ActiveCfg = Release|Any CPU
		{3A8B8E32-3303-470B-A407-B41C2C2B2F8E}.Release|Any CPU.Build.0 = Release|Any CPU
	EndGlobalSection
	GlobalSection(SolutionProperties) = preSolution
		HideSolutionNode = FALSE
	EndGlobalSection
	GlobalSection(ExtensibilityGlobals) = postSolution
		SolutionGuid = {3924ED73-641B-49C3-B36B-B28F0B2DEA7F}
	EndGlobalSection
EndGlobal
